// !$*UTF8*$!
{
	archiveVersion = 1;
	classes = {
	};
	objectVersion = 46;
	objects = {

/* Begin PBXBuildFile section */
		6055F38D4246BF8B768FA266 /* NonArcSingleton.m in Sources */ = {isa = PBXBuildFile; fileRef = 6055F032E39DD1B477FE16C4 /* NonArcSingleton.m */; settings = {COMPILER_FLAGS = "-fno-objc-arc"; }; };
		6055F7699A41B969918A7FE2 /* NonArcSingletonUsingGcd.m in Sources */ = {isa = PBXBuildFile; fileRef = 6055FABE8B1E382C8D3E5139 /* NonArcSingletonUsingGcd.m */; settings = {COMPILER_FLAGS = "-fno-objc-arc"; }; };
		6055FD5D9B277CD762D70E83 /* ArcSingleton.m in Sources */ = {isa = PBXBuildFile; fileRef = 6055F90B0F82C7C567221DF4 /* ArcSingleton.m */; };
		C4133CD01A6A0C580031ADBF /* Foundation.framework in Frameworks */ = {isa = PBXBuildFile; fileRef = C4133CCF1A6A0C580031ADBF /* Foundation.framework */; };
		C4133CD31A6A0C580031ADBF /* main.m in Sources */ = {isa = PBXBuildFile; fileRef = C4133CD21A6A0C580031ADBF /* main.m */; };
		C4133CD71A6A0C580031ADBF /* objc_singleton.1 in CopyFiles */ = {isa = PBXBuildFile; fileRef = C4133CD61A6A0C580031ADBF /* objc_singleton.1 */; };
		C4DAA0A11A9DD57D009D7282 /* SingletonSafetyTests.m in Sources */ = {isa = PBXBuildFile; fileRef = C4DAA0A01A9DD57D009D7282 /* SingletonSafetyTests.m */; };
		C4DAA0AA1A9DE836009D7282 /* ArcSingleton.m in Sources */ = {isa = PBXBuildFile; fileRef = 6055F90B0F82C7C567221DF4 /* ArcSingleton.m */; };
		C4DAA0AC1A9DE836009D7282 /* NonArcSingleton.m in Sources */ = {isa = PBXBuildFile; fileRef = 6055F032E39DD1B477FE16C4 /* NonArcSingleton.m */; settings = {COMPILER_FLAGS = "-fno-objc-arc"; }; };
		C4DAA0AE1A9F188E009D7282 /* NonArcSingletonUsingGcd.m in Sources */ = {isa = PBXBuildFile; fileRef = 6055FABE8B1E382C8D3E5139 /* NonArcSingletonUsingGcd.m */; settings = {COMPILER_FLAGS = "-fno-objc-arc"; }; };
/* End PBXBuildFile section */

/* Begin PBXContainerItemProxy section */
		C4DAA0A81A9DE79D009D7282 /* PBXContainerItemProxy */ = {
			isa = PBXContainerItemProxy;
			containerPortal = C4133CC41A6A0C580031ADBF /* Project object */;
			proxyType = 1;
			remoteGlobalIDString = C4133CCB1A6A0C580031ADBF;
			remoteInfo = "objc-singleton";
		};
/* End PBXContainerItemProxy section */

/* Begin PBXCopyFilesBuildPhase section */
		C4133CCA1A6A0C580031ADBF /* CopyFiles */ = {
			isa = PBXCopyFilesBuildPhase;
			buildActionMask = 2147483647;
			dstPath = /usr/share/man/man1/;
			dstSubfolderSpec = 0;
			files = (
				C4133CD71A6A0C580031ADBF /* objc_singleton.1 in CopyFiles */,
			);
			runOnlyForDeploymentPostprocessing = 1;
		};
/* End PBXCopyFilesBuildPhase section */

/* Begin PBXFileReference section */
		6055F032E39DD1B477FE16C4 /* NonArcSingleton.m */ = {isa = PBXFileReference; fileEncoding = 4; lastKnownFileType = sourcecode.c.objc; path = NonArcSingleton.m; sourceTree = "<group>"; };
		6055F09CAD1A884E25C217E8 /* NonArcSingletonUsingGcd.h */ = {isa = PBXFileReference; fileEncoding = 4; lastKnownFileType = sourcecode.c.h; path = NonArcSingletonUsingGcd.h; sourceTree = "<group>"; };
		6055F90B0F82C7C567221DF4 /* ArcSingleton.m */ = {isa = PBXFileReference; fileEncoding = 4; lastKnownFileType = sourcecode.c.objc; path = ArcSingleton.m; sourceTree = "<group>"; };
		6055FABE8B1E382C8D3E5139 /* NonArcSingletonUsingGcd.m */ = {isa = PBXFileReference; fileEncoding = 4; lastKnownFileType = sourcecode.c.objc; path = NonArcSingletonUsingGcd.m; sourceTree = "<group>"; };
		6055FC64BB54E09884BB747C /* NonArcSingleton.h */ = {isa = PBXFileReference; fileEncoding = 4; lastKnownFileType = sourcecode.c.h; path = NonArcSingleton.h; sourceTree = "<group>"; };
		6055FF458DB75D4EA9C2AB84 /* ArcSingleton.h */ = {isa = PBXFileReference; fileEncoding = 4; lastKnownFileType = sourcecode.c.h; path = ArcSingleton.h; sourceTree = "<group>"; };
		C4133CCC1A6A0C580031ADBF /* objc-singleton */ = {isa = PBXFileReference; explicitFileType = "compiled.mach-o.executable"; includeInIndex = 0; path = "objc-singleton"; sourceTree = BUILT_PRODUCTS_DIR; };
		C4133CCF1A6A0C580031ADBF /* Foundation.framework */ = {isa = PBXFileReference; lastKnownFileType = wrapper.framework; name = Foundation.framework; path = System/Library/Frameworks/Foundation.framework; sourceTree = SDKROOT; };
		C4133CD21A6A0C580031ADBF /* main.m */ = {isa = PBXFileReference; lastKnownFileType = sourcecode.c.objc; path = main.m; sourceTree = "<group>"; };
		C4133CD51A6A0C580031ADBF /* objc-singleton-Prefix.pch */ = {isa = PBXFileReference; lastKnownFileType = sourcecode.c.h; path = "objc-singleton-Prefix.pch"; sourceTree = "<group>"; };
		C4133CD61A6A0C580031ADBF /* objc_singleton.1 */ = {isa = PBXFileReference; lastKnownFileType = text.man; path = objc_singleton.1; sourceTree = "<group>"; };
		C4DAA09C1A9DD57D009D7282 /* objc-singleton-Tests.xctest */ = {isa = PBXFileReference; explicitFileType = wrapper.cfbundle; includeInIndex = 0; path = "objc-singleton-Tests.xctest"; sourceTree = BUILT_PRODUCTS_DIR; };
		C4DAA09F1A9DD57D009D7282 /* Info.plist */ = {isa = PBXFileReference; lastKnownFileType = text.plist.xml; path = Info.plist; sourceTree = "<group>"; };
		C4DAA0A01A9DD57D009D7282 /* SingletonSafetyTests.m */ = {isa = PBXFileReference; lastKnownFileType = sourcecode.c.objc; path = SingletonSafetyTests.m; sourceTree = "<group>"; };
/* End PBXFileReference section */

/* Begin PBXFrameworksBuildPhase section */
		C4133CC91A6A0C580031ADBF /* Frameworks */ = {
			isa = PBXFrameworksBuildPhase;
			buildActionMask = 2147483647;
			files = (
				C4133CD01A6A0C580031ADBF /* Foundation.framework in Frameworks */,
			);
			runOnlyForDeploymentPostprocessing = 0;
		};
		C4DAA0991A9DD57D009D7282 /* Frameworks */ = {
			isa = PBXFrameworksBuildPhase;
			buildActionMask = 2147483647;
			files = (
			);
			runOnlyForDeploymentPostprocessing = 0;
		};
/* End PBXFrameworksBuildPhase section */

/* Begin PBXGroup section */
		C4133CC31A6A0C580031ADBF = {
			isa = PBXGroup;
			children = (
				C4133CD11A6A0C580031ADBF /* objc-singleton */,
				C4DAA09D1A9DD57D009D7282 /* objc-singleton-Tests */,
				C4133CCE1A6A0C580031ADBF /* Frameworks */,
				C4133CCD1A6A0C580031ADBF /* Products */,
			);
			sourceTree = "<group>";
		};
		C4133CCD1A6A0C580031ADBF /* Products */ = {
			isa = PBXGroup;
			children = (
				C4133CCC1A6A0C580031ADBF /* objc-singleton */,
				C4DAA09C1A9DD57D009D7282 /* objc-singleton-Tests.xctest */,
			);
			name = Products;
			sourceTree = "<group>";
		};
		C4133CCE1A6A0C580031ADBF /* Frameworks */ = {
			isa = PBXGroup;
			children = (
				C4133CCF1A6A0C580031ADBF /* Foundation.framework */,
			);
			name = Frameworks;
			sourceTree = "<group>";
		};
		C4133CD11A6A0C580031ADBF /* objc-singleton */ = {
			isa = PBXGroup;
			children = (
				C4133CD21A6A0C580031ADBF /* main.m */,
				6055F90B0F82C7C567221DF4 /* ArcSingleton.m */,
				6055FF458DB75D4EA9C2AB84 /* ArcSingleton.h */,
				6055F032E39DD1B477FE16C4 /* NonArcSingleton.m */,
				6055FC64BB54E09884BB747C /* NonArcSingleton.h */,
				6055FABE8B1E382C8D3E5139 /* NonArcSingletonUsingGcd.m */,
				6055F09CAD1A884E25C217E8 /* NonArcSingletonUsingGcd.h */,
				C4133CD41A6A0C580031ADBF /* Supporting Files */,
				C4133CD61A6A0C580031ADBF /* objc_singleton.1 */,
			);
			path = "objc-singleton";
			sourceTree = "<group>";
		};
		C4133CD41A6A0C580031ADBF /* Supporting Files */ = {
			isa = PBXGroup;
			children = (
				C4133CD51A6A0C580031ADBF /* objc-singleton-Prefix.pch */,
			);
			name = "Supporting Files";
			sourceTree = "<group>";
		};
		C4DAA09D1A9DD57D009D7282 /* objc-singleton-Tests */ = {
			isa = PBXGroup;
			children = (
				C4DAA0A01A9DD57D009D7282 /* SingletonSafetyTests.m */,
				C4DAA09E1A9DD57D009D7282 /* Supporting Files */,
			);
			path = "objc-singleton-Tests";
			sourceTree = "<group>";
		};
		C4DAA09E1A9DD57D009D7282 /* Supporting Files */ = {
			isa = PBXGroup;
			children = (
				C4DAA09F1A9DD57D009D7282 /* Info.plist */,
			);
			name = "Supporting Files";
			sourceTree = "<group>";
		};
/* End PBXGroup section */

/* Begin PBXNativeTarget section */
		C4133CCB1A6A0C580031ADBF /* objc-singleton */ = {
			isa = PBXNativeTarget;
			buildConfigurationList = C4133CDA1A6A0C580031ADBF /* Build configuration list for PBXNativeTarget "objc-singleton" */;
			buildPhases = (
				C4133CC81A6A0C580031ADBF /* Sources */,
				C4133CC91A6A0C580031ADBF /* Frameworks */,
				C4133CCA1A6A0C580031ADBF /* CopyFiles */,
			);
			buildRules = (
			);
			dependencies = (
			);
			name = "objc-singleton";
			productName = "objc-singleton";
			productReference = C4133CCC1A6A0C580031ADBF /* objc-singleton */;
			productType = "com.apple.product-type.tool";
		};
		C4DAA09B1A9DD57D009D7282 /* objc-singleton-Tests */ = {
			isa = PBXNativeTarget;
			buildConfigurationList = C4DAA0A41A9DD57D009D7282 /* Build configuration list for PBXNativeTarget "objc-singleton-Tests" */;
			buildPhases = (
				C4DAA0981A9DD57D009D7282 /* Sources */,
				C4DAA0991A9DD57D009D7282 /* Frameworks */,
				C4DAA09A1A9DD57D009D7282 /* Resources */,
			);
			buildRules = (
			);
			dependencies = (
				C4DAA0A91A9DE79D009D7282 /* PBXTargetDependency */,
			);
			name = "objc-singleton-Tests";
			productName = "objc-singleton-Tests";
			productReference = C4DAA09C1A9DD57D009D7282 /* objc-singleton-Tests.xctest */;
			productType = "com.apple.product-type.bundle.unit-test";
		};
/* End PBXNativeTarget section */

/* Begin PBXProject section */
		C4133CC41A6A0C580031ADBF /* Project object */ = {
			isa = PBXProject;
			attributes = {
				LastUpgradeCheck = 0510;
				ORGANIZATIONNAME = oldratlee.com;
				TargetAttributes = {
					C4DAA09B1A9DD57D009D7282 = {
						CreatedOnToolsVersion = 6.1.1;
					};
				};
			};
			buildConfigurationList = C4133CC71A6A0C580031ADBF /* Build configuration list for PBXProject "objc-singleton" */;
			compatibilityVersion = "Xcode 3.2";
			developmentRegion = English;
			hasScannedForEncodings = 0;
			knownRegions = (
				en,
			);
			mainGroup = C4133CC31A6A0C580031ADBF;
			productRefGroup = C4133CCD1A6A0C580031ADBF /* Products */;
			projectDirPath = "";
			projectRoot = "";
			targets = (
				C4133CCB1A6A0C580031ADBF /* objc-singleton */,
				C4DAA09B1A9DD57D009D7282 /* objc-singleton-Tests */,
			);
		};
/* End PBXProject section */

/* Begin PBXResourcesBuildPhase section */
		C4DAA09A1A9DD57D009D7282 /* Resources */ = {
			isa = PBXResourcesBuildPhase;
			buildActionMask = 2147483647;
			files = (
			);
			runOnlyForDeploymentPostprocessing = 0;
		};
/* End PBXResourcesBuildPhase section */

/* Begin PBXSourcesBuildPhase section */
		C4133CC81A6A0C580031ADBF /* Sources */ = {
			isa = PBXSourcesBuildPhase;
			buildActionMask = 2147483647;
			files = (
				C4133CD31A6A0C580031ADBF /* main.m in Sources */,
				6055FD5D9B277CD762D70E83 /* ArcSingleton.m in Sources */,
				6055F38D4246BF8B768FA266 /* NonArcSingleton.m in Sources */,
				6055F7699A41B969918A7FE2 /* NonArcSingletonUsingGcd.m in Sources */,
			);
			runOnlyForDeploymentPostprocessing = 0;
		};
		C4DAA0981A9DD57D009D7282 /* Sources */ = {
			isa = PBXSourcesBuildPhase;
			buildActionMask = 2147483647;
			files = (
				C4DAA0AE1A9F188E009D7282 /* NonArcSingletonUsingGcd.m in Sources */,
				C4DAA0AA1A9DE836009D7282 /* ArcSingleton.m in Sources */,
				C4DAA0AC1A9DE836009D7282 /* NonArcSingleton.m in Sources */,
				C4DAA0A11A9DD57D009D7282 /* SingletonSafetyTests.m in Sources */,
			);
			runOnlyForDeploymentPostprocessing = 0;
		};
/* End PBXSourcesBuildPhase section */

/* Begin PBXTargetDependency section */
		C4DAA0A91A9DE79D009D7282 /* PBXTargetDependency */ = {
			isa = PBXTargetDependency;
			target = C4133CCB1A6A0C580031ADBF /* objc-singleton */;
			targetProxy = C4DAA0A81A9DE79D009D7282 /* PBXContainerItemProxy */;
		};
/* End PBXTargetDependency section */

/* Begin XCBuildConfiguration section */
		C4133CD81A6A0C580031ADBF /* Debug */ = {
			isa = XCBuildConfiguration;
			buildSettings = {
				ALWAYS_SEARCH_USER_PATHS = NO;
				CLANG_CXX_LANGUAGE_STANDARD = "gnu++0x";
				CLANG_CXX_LIBRARY = "libc++";
				CLANG_ENABLE_MODULES = YES;
				CLANG_ENABLE_OBJC_ARC = YES;
				CLANG_WARN_BOOL_CONVERSION = YES;
				CLANG_WARN_CONSTANT_CONVERSION = YES;
				CLANG_WARN_DIRECT_OBJC_ISA_USAGE = YES_ERROR;
				CLANG_WARN_EMPTY_BODY = YES;
				CLANG_WARN_ENUM_CONVERSION = YES;
				CLANG_WARN_INT_CONVERSION = YES;
				CLANG_WARN_OBJC_ROOT_CLASS = YES_ERROR;
				CLANG_WARN__DUPLICATE_METHOD_MATCH = YES;
				COPY_PHASE_STRIP = NO;
				GCC_C_LANGUAGE_STANDARD = gnu99;
				GCC_DYNAMIC_NO_PIC = NO;
				GCC_ENABLE_OBJC_EXCEPTIONS = YES;
				GCC_OPTIMIZATION_LEVEL = 0;
				GCC_PREPROCESSOR_DEFINITIONS = (
					"DEBUG=1",
					"$(inherited)",
				);
				GCC_SYMBOLS_PRIVATE_EXTERN = NO;
				GCC_WARN_64_TO_32_BIT_CONVERSION = YES;
				GCC_WARN_ABOUT_RETURN_TYPE = YES_ERROR;
				GCC_WARN_UNDECLARED_SELECTOR = YES;
				GCC_WARN_UNINITIALIZED_AUTOS = YES_AGGRESSIVE;
				GCC_WARN_UNUSED_FUNCTION = YES;
				GCC_WARN_UNUSED_VARIABLE = YES;
				MACOSX_DEPLOYMENT_TARGET = 10.10;
				ONLY_ACTIVE_ARCH = YES;
				SDKROOT = macosx;
			};
			name = Debug;
		};
		C4133CD91A6A0C580031ADBF /* Release */ = {
			isa = XCBuildConfiguration;
			buildSettings = {
				ALWAYS_SEARCH_USER_PATHS = NO;
				CLANG_CXX_LANGUAGE_STANDARD = "gnu++0x";
				CLANG_CXX_LIBRARY = "libc++";
				CLANG_ENABLE_MODULES = YES;
				CLANG_ENABLE_OBJC_ARC = YES;
				CLANG_WARN_BOOL_CONVERSION = YES;
				CLANG_WARN_CONSTANT_CONVERSION = YES;
				CLANG_WARN_DIRECT_OBJC_ISA_USAGE = YES_ERROR;
				CLANG_WARN_EMPTY_BODY = YES;
				CLANG_WARN_ENUM_CONVERSION = YES;
				CLANG_WARN_INT_CONVERSION = YES;
				CLANG_WARN_OBJC_ROOT_CLASS = YES_ERROR;
				CLANG_WARN__DUPLICATE_METHOD_MATCH = YES;
				COPY_PHASE_STRIP = YES;
				DEBUG_INFORMATION_FORMAT = "dwarf-with-dsym";
				ENABLE_NS_ASSERTIONS = NO;
				GCC_C_LANGUAGE_STANDARD = gnu99;
				GCC_ENABLE_OBJC_EXCEPTIONS = YES;
				GCC_WARN_64_TO_32_BIT_CONVERSION = YES;
				GCC_WARN_ABOUT_RETURN_TYPE = YES_ERROR;
				GCC_WARN_UNDECLARED_SELECTOR = YES;
				GCC_WARN_UNINITIALIZED_AUTOS = YES_AGGRESSIVE;
				GCC_WARN_UNUSED_FUNCTION = YES;
				GCC_WARN_UNUSED_VARIABLE = YES;
				MACOSX_DEPLOYMENT_TARGET = 10.10;
				SDKROOT = macosx;
			};
			name = Release;
		};
		C4133CDB1A6A0C580031ADBF /* Debug */ = {
			isa = XCBuildConfiguration;
			buildSettings = {
				GCC_PRECOMPILE_PREFIX_HEADER = YES;
				GCC_PREFIX_HEADER = "objc-singleton/objc-singleton-Prefix.pch";
				PRODUCT_NAME = "$(TARGET_NAME)";
			};
			name = Debug;
		};
		C4133CDC1A6A0C580031ADBF /* Release */ = {
			isa = XCBuildConfiguration;
			buildSettings = {
				GCC_PRECOMPILE_PREFIX_HEADER = YES;
				GCC_PREFIX_HEADER = "objc-singleton/objc-singleton-Prefix.pch";
				PRODUCT_NAME = "$(TARGET_NAME)";
			};
			name = Release;
		};
		C4DAA0A21A9DD57D009D7282 /* Debug */ = {
			isa = XCBuildConfiguration;
			buildSettings = {
				CLANG_WARN_UNREACHABLE_CODE = YES;
				COMBINE_HIDPI_IMAGES = YES;
				ENABLE_STRICT_OBJC_MSGSEND = YES;
				FRAMEWORK_SEARCH_PATHS = (
					"$(DEVELOPER_FRAMEWORKS_DIR)",
					"$(inherited)",
				);
				GCC_PREPROCESSOR_DEFINITIONS = (
					"DEBUG=1",
					"$(inherited)",
				);
				INFOPLIST_FILE = "objc-singleton-Tests/Info.plist";
				LD_RUNPATH_SEARCH_PATHS = "$(inherited) @executable_path/../Frameworks @loader_path/../Frameworks";
				MTL_ENABLE_DEBUG_INFO = YES;
				PRODUCT_NAME = "$(TARGET_NAME)";
			};
			name = Debug;
		};
		C4DAA0A31A9DD57D009D7282 /* Release */ = {
			isa = XCBuildConfiguration;
			buildSettings = {
				CLANG_WARN_UNREACHABLE_CODE = YES;
				COMBINE_HIDPI_IMAGES = YES;
				ENABLE_STRICT_OBJC_MSGSEND = YES;
				FRAMEWORK_SEARCH_PATHS = (
					"$(DEVELOPER_FRAMEWORKS_DIR)",
					"$(inherited)",
				);
				INFOPLIST_FILE = "objc-singleton-Tests/Info.plist";
				LD_RUNPATH_SEARCH_PATHS = "$(inherited) @executable_path/../Frameworks @loader_path/../Frameworks";
				MTL_ENABLE_DEBUG_INFO = NO;
				PRODUCT_NAME = "$(TARGET_NAME)";
			};
			name = Release;
		};
/* End XCBuildConfiguration section */

/* Begin XCConfigurationList section */
		C4133CC71A6A0C580031ADBF /* Build configuration list for PBXProject "objc-singleton" */ = {
			isa = XCConfigurationList;
			buildConfigurations = (
				C4133CD81A6A0C580031ADBF /* Debug */,
				C4133CD91A6A0C580031ADBF /* Release */,
			);
			defaultConfigurationIsVisible = 0;
			defaultConfigurationName = Release;
		};
		C4133CDA1A6A0C580031ADBF /* Build configuration list for PBXNativeTarget "objc-singleton" */ = {
			isa = XCConfigurationList;
			buildConfigurations = (
				C4133CDB1A6A0C580031ADBF /* Debug */,
				C4133CDC1A6A0C580031ADBF /* Release */,
			);
			defaultConfigurationIsVisible = 0;
			defaultConfigurationName = Release;
		};
		C4DAA0A41A9DD57D009D7282 /* Build configuration list for PBXNativeTarget "objc-singleton-Tests" */ = {
			isa = XCConfigurationList;
			buildConfigurations = (
				C4DAA0A21A9DD57D009D7282 /* Debug */,
				C4DAA0A31A9DD57D009D7282 /* Release */,
			);
			defaultConfigurationIsVisible = 0;
			defaultConfigurationName = Release;
		};
/* End XCConfigurationList section */
	};
	rootObject = C4133CC41A6A0C580031ADBF /* Project object */;
}
